
Microsoft Visual Studio Solution File, Format Version 12.00
# Visual Studio 2012
Project("{ECD6D718-D1CF-4119-97F3-97C25A0DFBF9}") = "License.Manager", "License.Manager\License.Manager.lsproj", "{7F992408-34D5-4628-8455-948F9A0F9C69}"
EndProject
Project("{2150E333-8FDC-42A3-9474-1A3956D46DE8}") = ".nuget", ".nuget", "{F84370A2-9C23-4340-86C0-2EA520A649F7}"
	ProjectSection(SolutionItems) = preProject
		.nuget\NuGet.Config = .nuget\NuGet.Config
		.nuget\NuGet.exe = .nuget\NuGet.exe
		.nuget\NuGet.targets = .nuget\NuGet.targets
	EndProjectSection
EndProject
Global
	GlobalSection(SolutionConfigurationPlatforms) = preSolution
		Debug|Any CPU = Debug|Any CPU
		Release|Any CPU = Release|Any CPU
	EndGlobalSection
	GlobalSection(ProjectConfigurationPlatforms) = postSolution
		{7F992408-34D5-4628-8455-948F9A0F9C69}.Debug|Any CPU.ActiveCfg = Debug|Any CPU
		{7F992408-34D5-4628-8455-948F9A0F9C69}.Debug|Any CPU.Build.0 = Debug|Any CPU
		{7F992408-34D5-4628-8455-948F9A0F9C69}.Release|Any CPU.ActiveCfg = Release|Any CPU
		{7F992408-34D5-4628-8455-948F9A0F9C69}.Release|Any CPU.Build.0 = Release|Any CPU
		{E170EFB0-6F58-4517-98E1-A47D418A2BC8}.Debug|Any CPU.ActiveCfg = Debug|Any CPU
		{E170EFB0-6F58-4517-98E1-A47D418A2BC8}.Debug|Any CPU.Build.0 = Debug|Any CPU
		{E170EFB0-6F58-4517-98E1-A47D418A2BC8}.Release|Any CPU.ActiveCfg = Release|Any CPU
		{E170EFB0-6F58-4517-98E1-A47D418A2BC8}.Release|Any CPU.Build.0 = Release|Any CPU
		{7D902A6A-0667-47F0-B917-7E3B1DAF5279}.Debug|Any CPU.ActiveCfg = Debug|Any CPU
		{7D902A6A-0667-47F0-B917-7E3B1DAF5279}.Debug|Any CPU.Build.0 = Debug|Any CPU
		{7D902A6A-0667-47F0-B917-7E3B1DAF5279}.Release|Any CPU.ActiveCfg = Release|Any CPU
		{7D902A6A-0667-47F0-B917-7E3B1DAF5279}.Release|Any CPU.Build.0 = Release|Any CPU
		{EFF43795-01F2-4855-B0E4-AA2243788FB6}.Debug|Any CPU.ActiveCfg = Debug|Any CPU
		{EFF43795-01F2-4855-B0E4-AA2243788FB6}.Debug|Any CPU.Build.0 = Debug|Any CPU
		{EFF43795-01F2-4855-B0E4-AA2243788FB6}.Release|Any CPU.ActiveCfg = Release|Any CPU
		{EFF43795-01F2-4855-B0E4-AA2243788FB6}.Release|Any CPU.Build.0 = Release|Any CPU
	EndGlobalSection
	GlobalSection(SolutionProperties) = preSolution
		HideSolutionNode = FALSE
	EndGlobalSection
EndGlobal
